
Microsoft Visual Studio Solution File, Format Version 12.00
# Visual Studio Version 16
VisualStudioVersion = 16.0.30413.136
MinimumVisualStudioVersion = 10.0.40219.1
Project("{9A19103F-16F7-4668-BE54-9A1E7A4F7556}") = "TechAssessment", "TechAssessment\TechAssessment.csproj", "{1234C520-62A1-41AC-9FAC-99E6C9C68590}"
EndProject
Project("{9A19103F-16F7-4668-BE54-9A1E7A4F7556}") = "TechAssessmentDataAccess", "TechAssessmentDataAccess\TechAssessmentDataAccess.csproj", "{6612A847-DFBF-4E81-B2A5-7D423A467AEB}"
EndProject
Global
	GlobalSection(SolutionConfigurationPlatforms) = preSolution
		Debug|Any CPU = Debug|Any CPU
		Release|Any CPU = Release|Any CPU
	EndGlobalSection
	GlobalSection(ProjectConfigurationPlatforms) = postSolution
		{1234C520-62A1-41AC-9FAC-99E6C9C68590}.Debug|Any CPU.ActiveCfg = Debug|Any CPU
		{1234C520-62A1-41AC-9FAC-99E6C9C68590}.Debug|Any CPU.Build.0 = Debug|Any CPU
		{1234C520-62A1-41AC-9FAC-99E6C9C68590}.Release|Any CPU.ActiveCfg = Release|Any CPU
		{1234C520-62A1-41AC-9FAC-99E6C9C68590}.Release|Any CPU.Build.0 = Release|Any CPU
		{6612A847-DFBF-4E81-B2A5-7D423A467AEB}.Debug|Any CPU.ActiveCfg = Debug|Any CPU
		{6612A847-DFBF-4E81-B2A5-7D423A467AEB}.Debug|Any CPU.Build.0 = Debug|Any CPU
		{6612A847-DFBF-4E81-B2A5-7D423A467AEB}.Release|Any CPU.ActiveCfg = Release|Any CPU
		{6612A847-DFBF-4E81-B2A5-7D423A467AEB}.Release|Any CPU.Build.0 = Release|Any CPU
	EndGlobalSection
	GlobalSection(SolutionProperties) = preSolution
		HideSolutionNode = FALSE
	EndGlobalSection
	GlobalSection(ExtensibilityGlobals) = postSolution
		SolutionGuid = {A0A8A104-9D7A-4533-854F-56A27CDBB181}
	EndGlobalSection
EndGlobal
